
Microsoft Visual Studio Solution File, Format Version 12.00
# Visual Studio Version 16
VisualStudioVersion = 16.0.31410.357
MinimumVisualStudioVersion = 10.0.40219.1
Project("{2150E333-8FDC-42A3-9474-1A3956D46DE8}") = "src", "src", "{735F9939-1890-4D25-AF4B-871E94512C7A}"
EndProject
Project("{2150E333-8FDC-42A3-9474-1A3956D46DE8}") = "Shop.Core.Service", "Shop.Core.Service", "{BEEB3308-472C-4EF5-B399-17B35C9A13CC}"
EndProject
Project("{9A19103F-16F7-4668-BE54-9A1E7A4F7556}") = "Shop.Core.WebApi", "Shop.Core.WebApi\Shop.Core.WebApi.csproj", "{5CB89A09-19E6-43DE-9F66-6FA2F1960346}"
EndProject
Project("{9A19103F-16F7-4668-BE54-9A1E7A4F7556}") = "Shop.Core.Consul", "Shop.Core.Consul\Shop.Core.Consul.csproj", "{B3BDD2DA-D392-49A9-9A7E-7EB7F071D364}"
EndProject
Project("{2150E333-8FDC-42A3-9474-1A3956D46DE8}") = "Shop.Core.Apollo", "Shop.Core.Apollo", "{9B21C1C4-A45C-4A0D-A22E-295B6233A67C}"
EndProject
Project("{2150E333-8FDC-42A3-9474-1A3956D46DE8}") = "Shop.Core.Gateway", "Shop.Core.Gateway", "{5F890218-F051-438F-90A4-4005940CFD0A}"
EndProject
Project("{2150E333-8FDC-42A3-9474-1A3956D46DE8}") = "Shop.Core.Monitor", "Shop.Core.Monitor", "{3662693C-1EF2-483B-A390-41BF058C85C2}"
EndProject
Project("{2150E333-8FDC-42A3-9474-1A3956D46DE8}") = "Shop.Core.Service.Api", "Shop.Core.Service.Api", "{25B5569C-0C06-4E3F-8ED7-F6A911260C6A}"
EndProject
Project("{2150E333-8FDC-42A3-9474-1A3956D46DE8}") = "Shop.Core.Infrastructure", "Shop.Core.Infrastructure", "{39A96F78-0484-4238-9F49-E0C94101FAC1}"
EndProject
Project("{2150E333-8FDC-42A3-9474-1A3956D46DE8}") = "ProductService.Api", "ProductService.Api", "{65E23E8B-1B4F-4491-B1F9-9A3FED8E351E}"
EndProject
Project("{2150E333-8FDC-42A3-9474-1A3956D46DE8}") = "Product", "Product", "{88904DB8-C93D-4582-A8C0-F81ED13DD821}"
EndProject
Project("{9A19103F-16F7-4668-BE54-9A1E7A4F7556}") = "ProductService", "ProductService\ProductService.csproj", "{687DFA41-3C01-4566-846B-69D1498B4EF7}"
EndProject
Project("{9A19103F-16F7-4668-BE54-9A1E7A4F7556}") = "Auth", "Auth\Auth.csproj", "{3FF8B90E-1187-4E93-BAFE-A6BBFB360995}"
EndProject
Project("{FAE04EC0-301F-11D3-BF4B-00C04F79EFBC}") = "Shop.Core.Repository", "Shop.Core.Common\Shop.Core.Repository.csproj", "{FD984C50-E280-479F-8F8D-292E548667B5}"
EndProject
Project("{2150E333-8FDC-42A3-9474-1A3956D46DE8}") = "Shop.Core.Common", "Shop.Core.Common", "{D77C7FA8-B88A-4F16-8CC9-CBD53B03C88B}"
EndProject
Project("{FAE04EC0-301F-11D3-BF4B-00C04F79EFBC}") = "Shop.Core.Model", "Shop.Core.Model\Shop.Core.Model.csproj", "{A4D3CF10-17B1-4CB6-9115-D10F0717321D}"
EndProject
Global
	GlobalSection(SolutionConfigurationPlatforms) = preSolution
		Debug|Any CPU = Debug|Any CPU
		Release|Any CPU = Release|Any CPU
	EndGlobalSection
	GlobalSection(ProjectConfigurationPlatforms) = postSolution
		{5CB89A09-19E6-43DE-9F66-6FA2F1960346}.Debug|Any CPU.ActiveCfg = Debug|Any CPU
		{5CB89A09-19E6-43DE-9F66-6FA2F1960346}.Debug|Any CPU.Build.0 = Debug|Any CPU
		{5CB89A09-19E6-43DE-9F66-6FA2F1960346}.Release|Any CPU.ActiveCfg = Release|Any CPU
		{5CB89A09-19E6-43DE-9F66-6FA2F1960346}.Release|Any CPU.Build.0 = Release|Any CPU
		{B3BDD2DA-D392-49A9-9A7E-7EB7F071D364}.Debug|Any CPU.ActiveCfg = Debug|Any CPU
		{B3BDD2DA-D392-49A9-9A7E-7EB7F071D364}.Debug|Any CPU.Build.0 = Debug|Any CPU
		{B3BDD2DA-D392-49A9-9A7E-7EB7F071D364}.Release|Any CPU.ActiveCfg = Release|Any CPU
		{B3BDD2DA-D392-49A9-9A7E-7EB7F071D364}.Release|Any CPU.Build.0 = Release|Any CPU
		{687DFA41-3C01-4566-846B-69D1498B4EF7}.Debug|Any CPU.ActiveCfg = Debug|Any CPU
		{687DFA41-3C01-4566-846B-69D1498B4EF7}.Debug|Any CPU.Build.0 = Debug|Any CPU
		{687DFA41-3C01-4566-846B-69D1498B4EF7}.Release|Any CPU.ActiveCfg = Release|Any CPU
		{687DFA41-3C01-4566-846B-69D1498B4EF7}.Release|Any CPU.Build.0 = Release|Any CPU
		{3FF8B90E-1187-4E93-BAFE-A6BBFB360995}.Debug|Any CPU.ActiveCfg = Debug|Any CPU
		{3FF8B90E-1187-4E93-BAFE-A6BBFB360995}.Debug|Any CPU.Build.0 = Debug|Any CPU
		{3FF8B90E-1187-4E93-BAFE-A6BBFB360995}.Release|Any CPU.ActiveCfg = Release|Any CPU
		{3FF8B90E-1187-4E93-BAFE-A6BBFB360995}.Release|Any CPU.Build.0 = Release|Any CPU
		{FD984C50-E280-479F-8F8D-292E548667B5}.Debug|Any CPU.ActiveCfg = Debug|Any CPU
		{FD984C50-E280-479F-8F8D-292E548667B5}.Debug|Any CPU.Build.0 = Debug|Any CPU
		{FD984C50-E280-479F-8F8D-292E548667B5}.Release|Any CPU.ActiveCfg = Release|Any CPU
		{FD984C50-E280-479F-8F8D-292E548667B5}.Release|Any CPU.Build.0 = Release|Any CPU
		{A4D3CF10-17B1-4CB6-9115-D10F0717321D}.Debug|Any CPU.ActiveCfg = Debug|Any CPU
		{A4D3CF10-17B1-4CB6-9115-D10F0717321D}.Debug|Any CPU.Build.0 = Debug|Any CPU
		{A4D3CF10-17B1-4CB6-9115-D10F0717321D}.Release|Any CPU.ActiveCfg = Release|Any CPU
		{A4D3CF10-17B1-4CB6-9115-D10F0717321D}.Release|Any CPU.Build.0 = Release|Any CPU
	EndGlobalSection
	GlobalSection(SolutionProperties) = preSolution
		HideSolutionNode = FALSE
	EndGlobalSection
	GlobalSection(NestedProjects) = preSolution
		{BEEB3308-472C-4EF5-B399-17B35C9A13CC} = {735F9939-1890-4D25-AF4B-871E94512C7A}
		{5CB89A09-19E6-43DE-9F66-6FA2F1960346} = {735F9939-1890-4D25-AF4B-871E94512C7A}
		{B3BDD2DA-D392-49A9-9A7E-7EB7F071D364} = {39A96F78-0484-4238-9F49-E0C94101FAC1}
		{9B21C1C4-A45C-4A0D-A22E-295B6233A67C} = {39A96F78-0484-4238-9F49-E0C94101FAC1}
		{5F890218-F051-438F-90A4-4005940CFD0A} = {735F9939-1890-4D25-AF4B-871E94512C7A}
		{3662693C-1EF2-483B-A390-41BF058C85C2} = {39A96F78-0484-4238-9F49-E0C94101FAC1}
		{25B5569C-0C06-4E3F-8ED7-F6A911260C6A} = {735F9939-1890-4D25-AF4B-871E94512C7A}
		{39A96F78-0484-4238-9F49-E0C94101FAC1} = {735F9939-1890-4D25-AF4B-871E94512C7A}
		{65E23E8B-1B4F-4491-B1F9-9A3FED8E351E} = {25B5569C-0C06-4E3F-8ED7-F6A911260C6A}
		{88904DB8-C93D-4582-A8C0-F81ED13DD821} = {BEEB3308-472C-4EF5-B399-17B35C9A13CC}
		{687DFA41-3C01-4566-846B-69D1498B4EF7} = {88904DB8-C93D-4582-A8C0-F81ED13DD821}
		{3FF8B90E-1187-4E93-BAFE-A6BBFB360995} = {BEEB3308-472C-4EF5-B399-17B35C9A13CC}
		{FD984C50-E280-479F-8F8D-292E548667B5} = {D77C7FA8-B88A-4F16-8CC9-CBD53B03C88B}
		{D77C7FA8-B88A-4F16-8CC9-CBD53B03C88B} = {735F9939-1890-4D25-AF4B-871E94512C7A}
		{A4D3CF10-17B1-4CB6-9115-D10F0717321D} = {D77C7FA8-B88A-4F16-8CC9-CBD53B03C88B}
	EndGlobalSection
	GlobalSection(ExtensibilityGlobals) = postSolution
		SolutionGuid = {7113E73C-9120-45C1-95D7-C982E2729C3C}
	EndGlobalSection
EndGlobal
